Microsoft Visual Studio Solution File, Format Version 11.00
# Visual Studio 2008

Project("{4F86754C-3BB1-2187-6F70-E645493DD54D}") = "QueenMaker", "Assembly-CSharp.csproj", "{91D57B02-D943-5BF6-541D-57EBF85FD977}"
EndProject
Global
	GlobalSection(SolutionConfigurationPlatforms) = preSolution
		Debug|Any CPU = Debug|Any CPU
		Release|Any CPU = Release|Any CPU
	EndGlobalSection
	GlobalSection(ProjectConfigurationPlatforms) = postSolution
		{91D57B02-D943-5BF6-541D-57EBF85FD977}.Debug|Any CPU.ActiveCfg = Debug|Any CPU
		{91D57B02-D943-5BF6-541D-57EBF85FD977}.Debug|Any CPU.Build.0 = Debug|Any CPU
		{91D57B02-D943-5BF6-541D-57EBF85FD977}.Release|Any CPU.ActiveCfg = Release|Any CPU
		{91D57B02-D943-5BF6-541D-57EBF85FD977}.Release|Any CPU.Build.0 = Release|Any CPU
	EndGlobalSection
	GlobalSection(SolutionProperties) = preSolution
		HideSolutionNode = FALSE
	EndGlobalSection
	GlobalSection(MonoDevelopProperties) = preSolution
		StartupItem = Assembly-CSharp.csproj
	EndGlobalSection
EndGlobal
